// !$*UTF8*$!
{
	archiveVersion = 1;
	classes = {
	};
	objectVersion = 46;
	objects = {

/* Begin PBXBuildFile section */
		0D1F21A519C4E81A000973E7 /* AppDelegate.swift in Sources */ = {isa = PBXBuildFile; fileRef = 0D1F21A419C4E81A000973E7 /* AppDelegate.swift */; };
		0D1F21A719C4E81A000973E7 /* ViewController.swift in Sources */ = {isa = PBXBuildFile; fileRef = 0D1F21A619C4E81A000973E7 /* ViewController.swift */; };
		0D1F21AA19C4E81A000973E7 /* Main.storyboard in Resources */ = {isa = PBXBuildFile; fileRef = 0D1F21A819C4E81A000973E7 /* Main.storyboard */; };
		0D1F21AC19C4E81A000973E7 /* Images.xcassets in Resources */ = {isa = PBXBuildFile; fileRef = 0D1F21AB19C4E81A000973E7 /* Images.xcassets */; };
		0D1F21B819C4E81A000973E7 /* PostcardTests.swift in Sources */ = {isa = PBXBuildFile; fileRef = 0D1F21B719C4E81A000973E7 /* PostcardTests.swift */; };
/* End PBXBuildFile section */

/* Begin PBXContainerItemProxy section */
		0D1F21B219C4E81A000973E7 /* PBXContainerItemProxy */ = {
			isa = PBXContainerItemProxy;
			containerPortal = 0D1F219719C4E81A000973E7 /* Project object */;
			proxyType = 1;
			remoteGlobalIDString = 0D1F219E19C4E81A000973E7;
			remoteInfo = Postcard;
		};
/* End PBXContainerItemProxy section */

/* Begin PBXFileReference section */
		0D1F219F19C4E81A000973E7 /* Postcard.app */ = {isa = PBXFileReference; explicitFileType = wrapper.application; includeInIndex = 0; path = Postcard.app; sourceTree = BUILT_PRODUCTS_DIR; };
		0D1F21A319C4E81A000973E7 /* Info.plist */ = {isa = PBXFileReference; lastKnownFileType = text.plist.xml; path = Info.plist; sourceTree = "<group>"; };
		0D1F21A419C4E81A000973E7 /* AppDelegate.swift */ = {isa = PBXFileReference; lastKnownFileType = sourcecode.swift; path = AppDelegate.swift; sourceTree = "<group>"; };
		0D1F21A619C4E81A000973E7 /* ViewController.swift */ = {isa = PBXFileReference; lastKnownFileType = sourcecode.swift; path = ViewController.swift; sourceTree = "<group>"; };
		0D1F21A919C4E81A000973E7 /* Base */ = {isa = PBXFileReference; lastKnownFileType = file.storyboard; name = Base; path = Base.lproj/Main.storyboard; sourceTree = "<group>"; };
		0D1F21AB19C4E81A000973E7 /* Images.xcassets */ = {isa = PBXFileReference; lastKnownFileType = folder.assetcatalog; path = Images.xcassets; sourceTree = "<group>"; };
		0D1F21B119C4E81A000973E7 /* PostcardTests.xctest */ = {isa = PBXFileReference; explicitFileType = wrapper.cfbundle; includeInIndex = 0; path = PostcardTests.xctest; sourceTree = BUILT_PRODUCTS_DIR; };
		0D1F21B619C4E81A000973E7 /* Info.plist */ = {isa = PBXFileReference; lastKnownFileType = text.plist.xml; path = Info.plist; sourceTree = "<group>"; };
		0D1F21B719C4E81A000973E7 /* PostcardTests.swift */ = {isa = PBXFileReference; lastKnownFileType = sourcecode.swift; path = PostcardTests.swift; sourceTree = "<group>"; };
/* End PBXFileReference section */

/* Begin PBXFrameworksBuildPhase section */
		0D1F219C19C4E81A000973E7 /* Frameworks */ = {
			isa = PBXFrameworksBuildPhase;
			buildActionMask = 2147483647;
			files = (
			);
			runOnlyForDeploymentPostprocessing = 0;
		};
		0D1F21AE19C4E81A000973E7 /* Frameworks */ = {
			isa = PBXFrameworksBuildPhase;
			buildActionMask = 2147483647;
			files = (
			);
			runOnlyForDeploymentPostprocessing = 0;
		};
/* End PBXFrameworksBuildPhase section */

/* Begin PBXGroup section */
		0D1F219619C4E81A000973E7 = {
			isa = PBXGroup;
			children = (
				0D1F21A119C4E81A000973E7 /* Postcard */,
				0D1F21B419C4E81A000973E7 /* PostcardTests */,
				0D1F21A019C4E81A000973E7 /* Products */,
			);
			sourceTree = "<group>";
		};
		0D1F21A019C4E81A000973E7 /* Products */ = {
			isa = PBXGroup;
			children = (
				0D1F219F19C4E81A000973E7 /* Postcard.app */,
				0D1F21B119C4E81A000973E7 /* PostcardTests.xctest */,
			);
			name = Products;
			sourceTree = "<group>";
		};
		0D1F21A119C4E81A000973E7 /* Postcard */ = {
			isa = PBXGroup;
			children = (
				0D1F21A419C4E81A000973E7 /* AppDelegate.swift */,
				0D1F21A619C4E81A000973E7 /* ViewController.swift */,
				0D1F21A819C4E81A000973E7 /* Main.storyboard */,
				0D1F21AB19C4E81A000973E7 /* Images.xcassets */,
				0D1F21A219C4E81A000973E7 /* Supporting Files */,
			);
			path = Postcard;
			sourceTree = "<group>";
		};
		0D1F21A219C4E81A000973E7 /* Supporting Files */ = {
			isa = PBXGroup;
			children = (
				0D1F21A319C4E81A000973E7 /* Info.plist */,
			);
			name = "Supporting Files";
			sourceTree = "<group>";
		};
		0D1F21B419C4E81A000973E7 /* PostcardTests */ = {
			isa = PBXGroup;
			children = (
				0D1F21B719C4E81A000973E7 /* PostcardTests.swift */,
				0D1F21B519C4E81A000973E7 /* Supporting Files */,
			);
			path = PostcardTests;
			sourceTree = "<group>";
		};
		0D1F21B519C4E81A000973E7 /* Supporting Files */ = {
			isa = PBXGroup;
			children = (
				0D1F21B619C4E81A000973E7 /* Info.plist */,
			);
			name = "Supporting Files";
			sourceTree = "<group>";
		};
/* End PBXGroup section */

/* Begin PBXNativeTarget section */
		0D1F219E19C4E81A000973E7 /* Postcard */ = {
			isa = PBXNativeTarget;
			buildConfigurationList = 0D1F21BB19C4E81A000973E7 /* Build configuration list for PBXNativeTarget "Postcard" */;
			buildPhases = (
				0D1F219B19C4E81A000973E7 /* Sources */,
				0D1F219C19C4E81A000973E7 /* Frameworks */,
				0D1F219D19C4E81A000973E7 /* Resources */,
			);
			buildRules = (
			);
			dependencies = (
			);
			name = Postcard;
			productName = Postcard;
			productReference = 0D1F219F19C4E81A000973E7 /* Postcard.app */;
			productType = "com.apple.product-type.application";
		};
		0D1F21B019C4E81A000973E7 /* PostcardTests */ = {
			isa = PBXNativeTarget;
			buildConfigurationList = 0D1F21BE19C4E81A000973E7 /* Build configuration list for PBXNativeTarget "PostcardTests" */;
			buildPhases = (
				0D1F21AD19C4E81A000973E7 /* Sources */,
				0D1F21AE19C4E81A000973E7 /* Frameworks */,
				0D1F21AF19C4E81A000973E7 /* Resources */,
			);
			buildRules = (
			);
			dependencies = (
				0D1F21B319C4E81A000973E7 /* PBXTargetDependency */,
			);
			name = PostcardTests;
			productName = PostcardTests;
			productReference = 0D1F21B119C4E81A000973E7 /* PostcardTests.xctest */;
			productType = "com.apple.product-type.bundle.unit-test";
		};
/* End PBXNativeTarget section */

/* Begin PBXProject section */
		0D1F219719C4E81A000973E7 /* Project object */ = {
			isa = PBXProject;
			attributes = {
				LastUpgradeCheck = 0600;
				ORGANIZATIONNAME = "GILBERT ";
				TargetAttributes = {
					0D1F219E19C4E81A000973E7 = {
						CreatedOnToolsVersion = 6.0;
					};
					0D1F21B019C4E81A000973E7 = {
						CreatedOnToolsVersion = 6.0;
						TestTargetID = 0D1F219E19C4E81A000973E7;
					};
				};
			};
			buildConfigurationList = 0D1F219A19C4E81A000973E7 /* Build configuration list for PBXProject "Postcard" */;
			compatibilityVersion = "Xcode 3.2";
			developmentRegion = English;
			hasScannedForEncodings = 0;
			knownRegions = (
				en,
				Base,
			);
			mainGroup = 0D1F219619C4E81A000973E7;
			productRefGroup = 0D1F21A019C4E81A000973E7 /* Products */;
			projectDirPath = "";
			projectRoot = "";
			targets = (
				0D1F219E19C4E81A000973E7 /* Postcard */,
				0D1F21B019C4E81A000973E7 /* PostcardTests */,
			);
		};
/* End PBXProject section */

/* Begin PBXResourcesBuildPhase section */
		0D1F219D19C4E81A000973E7 /* Resources */ = {
			isa = PBXResourcesBuildPhase;
			buildActionMask = 2147483647;
			files = (
				0D1F21AA19C4E81A000973E7 /* Main.storyboard in Resources */,
				0D1F21AC19C4E81A000973E7 /* Images.xcassets in Resources */,
			);
			runOnlyForDeploymentPostprocessing = 0;
		};
		0D1F21AF19C4E81A000973E7 /* Resources */ = {
			isa = PBXResourcesBuildPhase;
			buildActionMask = 2147483647;
			files = (
			);
			runOnlyForDeploymentPostprocessing = 0;
		};
/* End PBXResourcesBuildPhase section */

/* Begin PBXSourcesBuildPhase section */
		0D1F219B19C4E81A000973E7 /* Sources */ = {
			isa = PBXSourcesBuildPhase;
			buildActionMask = 2147483647;
			files = (
				0D1F21A719C4E81A000973E7 /* ViewController.swift in Sources */,
				0D1F21A519C4E81A000973E7 /* AppDelegate.swift in Sources */,
			);
			runOnlyForDeploymentPostprocessing = 0;
		};
		0D1F21AD19C4E81A000973E7 /* Sources */ = {
			isa = PBXSourcesBuildPhase;
			buildActionMask = 2147483647;
			files = (
				0D1F21B819C4E81A000973E7 /* PostcardTests.swift in Sources */,
			);
			runOnlyForDeploymentPostprocessing = 0;
		};
/* End PBXSourcesBuildPhase section */

/* Begin PBXTargetDependency section */
		0D1F21B319C4E81A000973E7 /* PBXTargetDependency */ = {
			isa = PBXTargetDependency;
			target = 0D1F219E19C4E81A000973E7 /* Postcard */;
			targetProxy = 0D1F21B219C4E81A000973E7 /* PBXContainerItemProxy */;
		};
/* End PBXTargetDependency section */

/* Begin PBXVariantGroup section */
		0D1F21A819C4E81A000973E7 /* Main.storyboard */ = {
			isa = PBXVariantGroup;
			children = (
				0D1F21A919C4E81A000973E7 /* Base */,
			);
			name = Main.storyboard;
			sourceTree = "<group>";
		};
/* End PBXVariantGroup section */

/* Begin XCBuildConfiguration section */
		0D1F21B919C4E81A000973E7 /* Debug */ = {
			isa = XCBuildConfiguration;
			buildSettings = {
				ALWAYS_SEARCH_USER_PATHS = NO;
				CLANG_CXX_LANGUAGE_STANDARD = "gnu++0x";
				CLANG_CXX_LIBRARY = "libc++";
				CLANG_ENABLE_MODULES = YES;
				CLANG_ENABLE_OBJC_ARC = YES;
				CLANG_WARN_BOOL_CONVERSION = YES;
				CLANG_WARN_CONSTANT_CONVERSION = YES;
				CLANG_WARN_DIRECT_OBJC_ISA_USAGE = YES_ERROR;
				CLANG_WARN_EMPTY_BODY = YES;
				CLANG_WARN_ENUM_CONVERSION = YES;
				CLANG_WARN_INT_CONVERSION = YES;
				CLANG_WARN_OBJC_ROOT_CLASS = YES_ERROR;
				CLANG_WARN_UNREACHABLE_CODE = YES;
				CLANG_WARN__DUPLICATE_METHOD_MATCH = YES;
				"CODE_SIGN_IDENTITY[sdk=iphoneos*]" = "iPhone Developer";
				COPY_PHASE_STRIP = NO;
				ENABLE_STRICT_OBJC_MSGSEND = YES;
				GCC_C_LANGUAGE_STANDARD = gnu99;
				GCC_DYNAMIC_NO_PIC = NO;
				GCC_OPTIMIZATION_LEVEL = 0;
				GCC_PREPROCESSOR_DEFINITIONS = (
					"DEBUG=1",
					"$(inherited)",
				);
				GCC_SYMBOLS_PRIVATE_EXTERN = NO;
				GCC_WARN_64_TO_32_BIT_CONVERSION = YES;
				GCC_WARN_ABOUT_RETURN_TYPE = YES_ERROR;
				GCC_WARN_UNDECLARED_SELECTOR = YES;
				GCC_WARN_UNINITIALIZED_AUTOS = YES_AGGRESSIVE;
				GCC_WARN_UNUSED_FUNCTION = YES;
				GCC_WARN_UNUSED_VARIABLE = YES;
				IPHONEOS_DEPLOYMENT_TARGET = 8.0;
				MTL_ENABLE_DEBUG_INFO = YES;
				ONLY_ACTIVE_ARCH = YES;
				SDKROOT = iphoneos;
				SWIFT_OPTIMIZATION_LEVEL = "-Onone";
			};
			name = Debug;
		};
		0D1F21BA19C4E81A000973E7 /* Release */ = {
			isa = XCBuildConfiguration;
			buildSettings = {
				ALWAYS_SEARCH_USER_PATHS = NO;
				CLANG_CXX_LANGUAGE_STANDARD = "gnu++0x";
				CLANG_CXX_LIBRARY = "libc++";
				CLANG_ENABLE_MODULES = YES;
				CLANG_ENABLE_OBJC_ARC = YES;
				CLANG_WARN_BOOL_CONVERSION = YES;
				CLANG_WARN_CONSTANT_CONVERSION = YES;
				CLANG_WARN_DIRECT_OBJC_ISA_USAGE = YES_ERROR;
				CLANG_WARN_EMPTY_BODY = YES;
				CLANG_WARN_ENUM_CONVERSION = YES;
				CLANG_WARN_INT_CONVERSION = YES;
				CLANG_WARN_OBJC_ROOT_CLASS = YES_ERROR;
				CLANG_WARN_UNREACHABLE_CODE = YES;
				CLANG_WARN__DUPLICATE_METHOD_MATCH = YES;
				"CODE_SIGN_IDENTITY[sdk=iphoneos*]" = "iPhone Developer";
				COPY_PHASE_STRIP = YES;
				ENABLE_NS_ASSERTIONS = NO;
				ENABLE_STRICT_OBJC_MSGSEND = YES;
				GCC_C_LANGUAGE_STANDARD = gnu99;
				GCC_WARN_64_TO_32_BIT_CONVERSION = YES;
				GCC_WARN_ABOUT_RETURN_TYPE = YES_ERROR;
				GCC_WARN_UNDECLARED_SELECTOR = YES;
				GCC_WARN_UNINITIALIZED_AUTOS = YES_AGGRESSIVE;
				GCC_WARN_UNUSED_FUNCTION = YES;
				GCC_WARN_UNUSED_VARIABLE = YES;
				IPHONEOS_DEPLOYMENT_TARGET = 8.0;
				MTL_ENABLE_DEBUG_INFO = NO;
				SDKROOT = iphoneos;
				VALIDATE_PRODUCT = YES;
			};
			name = Release;
		};
		0D1F21BC19C4E81A000973E7 /* Debug */ = {
			isa = XCBuildConfiguration;
			buildSettings = {
				ASSETCATALOG_COMPILER_APPICON_NAME = AppIcon;
				ASSETCATALOG_COMPILER_LAUNCHIMAGE_NAME = LaunchImage;
				INFOPLIST_FILE = Postcard/Info.plist;
				LD_RUNPATH_SEARCH_PATHS = "$(inherited) @executable_path/Frameworks";
				PRODUCT_NAME = "$(TARGET_NAME)";
			};
			name = Debug;
		};
		0D1F21BD19C4E81A000973E7 /* Release */ = {
			isa = XCBuildConfiguration;
			buildSettings = {
				ASSETCATALOG_COMPILER_APPICON_NAME = AppIcon;
				ASSETCATALOG_COMPILER_LAUNCHIMAGE_NAME = LaunchImage;
				INFOPLIST_FILE = Postcard/Info.plist;
				LD_RUNPATH_SEARCH_PATHS = "$(inherited) @executable_path/Frameworks";
				PRODUCT_NAME = "$(TARGET_NAME)";
			};
			name = Release;
		};
		0D1F21BF19C4E81A000973E7 /* Debug */ = {
			isa = XCBuildConfiguration;
			buildSettings = {
				BUNDLE_LOADER = "$(TEST_HOST)";
				FRAMEWORK_SEARCH_PATHS = (
					"$(SDKROOT)/Developer/Library/Frameworks",
					"$(inherited)",
				);
				GCC_PREPROCESSOR_DEFINITIONS = (
					"DEBUG=1",
					"$(inherited)",
				);
				INFOPLIST_FILE = PostcardTests/Info.plist;
				LD_RUNPATH_SEARCH_PATHS = "$(inherited) @executable_path/Frameworks @loader_path/Frameworks";
				PRODUCT_NAME = "$(TARGET_NAME)";
				TEST_HOST = "$(BUILT_PRODUCTS_DIR)/Postcard.app/Postcard";
			};
			name = Debug;
		};
		0D1F21C019C4E81A000973E7 /* Release */ = {
			isa = XCBuildConfiguration;
			buildSettings = {
				BUNDLE_LOADER = "$(TEST_HOST)";
				FRAMEWORK_SEARCH_PATHS = (
					"$(SDKROOT)/Developer/Library/Frameworks",
					"$(inherited)",
				);
				INFOPLIST_FILE = PostcardTests/Info.plist;
				LD_RUNPATH_SEARCH_PATHS = "$(inherited) @executable_path/Frameworks @loader_path/Frameworks";
				PRODUCT_NAME = "$(TARGET_NAME)";
				TEST_HOST = "$(BUILT_PRODUCTS_DIR)/Postcard.app/Postcard";
			};
			name = Release;
		};
/* End XCBuildConfiguration section */

/* Begin XCConfigurationList section */
		0D1F219A19C4E81A000973E7 /* Build configuration list for PBXProject "Postcard" */ = {
			isa = XCConfigurationList;
			buildConfigurations = (
				0D1F21B919C4E81A000973E7 /* Debug */,
				0D1F21BA19C4E81A000973E7 /* Release */,
			);
			defaultConfigurationIsVisible = 0;
			defaultConfigurationName = Release;
		};
		0D1F21BB19C4E81A000973E7 /* Build configuration list for PBXNativeTarget "Postcard" */ = {
			isa = XCConfigurationList;
			buildConfigurations = (
				0D1F21BC19C4E81A000973E7 /* Debug */,
				0D1F21BD19C4E81A000973E7 /* Release */,
			);
			defaultConfigurationIsVisible = 0;
		};
		0D1F21BE19C4E81A000973E7 /* Build configuration list for PBXNativeTarget "PostcardTests" */ = {
			isa = XCConfigurationList;
			buildConfigurations = (
				0D1F21BF19C4E81A000973E7 /* Debug */,
				0D1F21C019C4E81A000973E7 /* Release */,
			);
			defaultConfigurationIsVisible = 0;
		};
/* End XCConfigurationList section */
	};
	rootObject = 0D1F219719C4E81A000973E7 /* Project object */;
}
